
Microsoft Visual Studio Solution File, Format Version 12.00
# Visual Studio Version 16
VisualStudioVersion = 16.0.32126.315
MinimumVisualStudioVersion = 10.0.40219.1
Project("{9A19103F-16F7-4668-BE54-9A1E7A4F7556}") = "LoanAPI", "LoanAPI\LoanAPI.csproj", "{687B5613-EDF9-496B-911E-85A73053D20D}"
EndProject
Project("{9A19103F-16F7-4668-BE54-9A1E7A4F7556}") = "Loan.Data", "Loan.Data\Loan.Data.csproj", "{B0F05054-197C-4AF7-8732-A303EE4D34E0}"
EndProject
Project("{9A19103F-16F7-4668-BE54-9A1E7A4F7556}") = "LoansUI", "LoansUI\LoansUI.csproj", "{2B8A353C-8D2D-4E3D-B1E2-664CCF3C6436}"
EndProject
Project("{FAE04EC0-301F-11D3-BF4B-00C04F79EFBC}") = "XUnitTestProject", "XUnitTestProject\XUnitTestProject.csproj", "{B0C43253-0652-4B4F-9B6F-0F4166FD447B}"
EndProject
Global
	GlobalSection(SolutionConfigurationPlatforms) = preSolution
		Debug|Any CPU = Debug|Any CPU
		Release|Any CPU = Release|Any CPU
	EndGlobalSection
	GlobalSection(ProjectConfigurationPlatforms) = postSolution
		{687B5613-EDF9-496B-911E-85A73053D20D}.Debug|Any CPU.ActiveCfg = Release|Any CPU
		{687B5613-EDF9-496B-911E-85A73053D20D}.Debug|Any CPU.Build.0 = Release|Any CPU
		{687B5613-EDF9-496B-911E-85A73053D20D}.Release|Any CPU.ActiveCfg = Release|Any CPU
		{687B5613-EDF9-496B-911E-85A73053D20D}.Release|Any CPU.Build.0 = Release|Any CPU
		{B0F05054-197C-4AF7-8732-A303EE4D34E0}.Debug|Any CPU.ActiveCfg = Release|Any CPU
		{B0F05054-197C-4AF7-8732-A303EE4D34E0}.Debug|Any CPU.Build.0 = Release|Any CPU
		{B0F05054-197C-4AF7-8732-A303EE4D34E0}.Release|Any CPU.ActiveCfg = Release|Any CPU
		{B0F05054-197C-4AF7-8732-A303EE4D34E0}.Release|Any CPU.Build.0 = Release|Any CPU
		{2B8A353C-8D2D-4E3D-B1E2-664CCF3C6436}.Debug|Any CPU.ActiveCfg = Release|Any CPU
		{2B8A353C-8D2D-4E3D-B1E2-664CCF3C6436}.Debug|Any CPU.Build.0 = Release|Any CPU
		{2B8A353C-8D2D-4E3D-B1E2-664CCF3C6436}.Release|Any CPU.ActiveCfg = Release|Any CPU
		{2B8A353C-8D2D-4E3D-B1E2-664CCF3C6436}.Release|Any CPU.Build.0 = Release|Any CPU
		{B0C43253-0652-4B4F-9B6F-0F4166FD447B}.Debug|Any CPU.ActiveCfg = Debug|Any CPU
		{B0C43253-0652-4B4F-9B6F-0F4166FD447B}.Debug|Any CPU.Build.0 = Debug|Any CPU
		{B0C43253-0652-4B4F-9B6F-0F4166FD447B}.Release|Any CPU.ActiveCfg = Release|Any CPU
		{B0C43253-0652-4B4F-9B6F-0F4166FD447B}.Release|Any CPU.Build.0 = Release|Any CPU
	EndGlobalSection
	GlobalSection(SolutionProperties) = preSolution
		HideSolutionNode = FALSE
	EndGlobalSection
	GlobalSection(ExtensibilityGlobals) = postSolution
		SolutionGuid = {4B1E72A8-1BAF-43B0-8111-460FAAC3BE6E}
	EndGlobalSection
EndGlobal
